github.com/adnsv/go-xl v0.2.0 h1:NDKTUjEnNMDwdGVWGZHFXiRWiVCkMYIy9vTJOXRke4Y=
github.com/adnsv/go-xl v0.2.0/go.mod h1:CcWBb6qyP4v0WOETcTQHapqniqYiU82YYabYuLZjzhM=
github.com/adnsv/srw v0.1.0 h1:SCZhHcwJC/DyvccAL0zERKOojIoVXBQ6uyY7/gV4G+E=
github.com/adnsv/srw v0.1.0/go.mod h1:EjyWbD+qtLf+Ov8gs2nbeGittZ3H4rF9yZjp9O30KSU=
golang.org/x/exp v0.0.0-20251023183803-a4bb9ffd2546 h1:mgKeJMpvi0yx/sU5GsxQ7p6s2wtOnGAHZWCHUM4KGzY=
golang.org/x/exp v0.0.0-20251023183803-a4bb9ffd2546/go.mod h1:j/pmGrbnkbPtQfxEe5D0VQhZC6qKbfKifgD0oM7sR70=
